
Microsoft Visual Studio Solution File, Format Version 12.00
# Visual Studio Version 17
VisualStudioVersion = 17.11.35208.52
MinimumVisualStudioVersion = 10.0.40219.1
Project("{9A19103F-16F7-4668-BE54-9A1E7A4F7556}") = "LibraryManagement.UI", "programming011.librarymanagement\LibraryManagement.UI.csproj", "{A171F069-8708-4157-9F66-39EC2BCB7F8C}"
EndProject
Project("{FAE04EC0-301F-11D3-BF4B-00C04F79EFBC}") = "LibraryManagement.Core", "LibraryManagement.Core\LibraryManagement.Core.csproj", "{B9138F72-D356-4F22-89BF-28B42F163D75}"
EndProject
Global
	GlobalSection(SolutionConfigurationPlatforms) = preSolution
		Debug|Any CPU = Debug|Any CPU
		Release|Any CPU = Release|Any CPU
	EndGlobalSection
	GlobalSection(ProjectConfigurationPlatforms) = postSolution
		{A171F069-8708-4157-9F66-39EC2BCB7F8C}.Debug|Any CPU.ActiveCfg = Debug|Any CPU
		{A171F069-8708-4157-9F66-39EC2BCB7F8C}.Debug|Any CPU.Build.0 = Debug|Any CPU
		{A171F069-8708-4157-9F66-39EC2BCB7F8C}.Release|Any CPU.ActiveCfg = Release|Any CPU
		{A171F069-8708-4157-9F66-39EC2BCB7F8C}.Release|Any CPU.Build.0 = Release|Any CPU
		{B9138F72-D356-4F22-89BF-28B42F163D75}.Debug|Any CPU.ActiveCfg = Debug|Any CPU
		{B9138F72-D356-4F22-89BF-28B42F163D75}.Debug|Any CPU.Build.0 = Debug|Any CPU
		{B9138F72-D356-4F22-89BF-28B42F163D75}.Release|Any CPU.ActiveCfg = Release|Any CPU
		{B9138F72-D356-4F22-89BF-28B42F163D75}.Release|Any CPU.Build.0 = Release|Any CPU
	EndGlobalSection
	GlobalSection(SolutionProperties) = preSolution
		HideSolutionNode = FALSE
	EndGlobalSection
	GlobalSection(ExtensibilityGlobals) = postSolution
		SolutionGuid = {8DC54741-92B1-403C-A5A2-E8E70335DF9F}
	EndGlobalSection
EndGlobal
